
Microsoft Visual Studio Solution File, Format Version 12.00
# Visual Studio 15
VisualStudioVersion = 15.0.28307.1000
MinimumVisualStudioVersion = 10.0.40219.1
Project("{FAE04EC0-301F-11D3-BF4B-00C04F79EFBC}") = "HouseRooms", "HouseRooms\HouseRooms.csproj", "{B2BC21E7-3474-4325-A591-606F12DB84CE}"
EndProject
Global
	GlobalSection(SolutionConfigurationPlatforms) = preSolution
		Debug|Any CPU = Debug|Any CPU
		Release|Any CPU = Release|Any CPU
	EndGlobalSection
	GlobalSection(ProjectConfigurationPlatforms) = postSolution
		{B2BC21E7-3474-4325-A591-606F12DB84CE}.Debug|Any CPU.ActiveCfg = Debug|Any CPU
		{B2BC21E7-3474-4325-A591-606F12DB84CE}.Debug|Any CPU.Build.0 = Debug|Any CPU
		{B2BC21E7-3474-4325-A591-606F12DB84CE}.Release|Any CPU.ActiveCfg = Release|Any CPU
		{B2BC21E7-3474-4325-A591-606F12DB84CE}.Release|Any CPU.Build.0 = Release|Any CPU
	EndGlobalSection
	GlobalSection(SolutionProperties) = preSolution
		HideSolutionNode = FALSE
	EndGlobalSection
	GlobalSection(ExtensibilityGlobals) = postSolution
		SolutionGuid = {5FFE31D0-1D87-498D-A14B-ADFDB20A005A}
	EndGlobalSection
EndGlobal
