
Microsoft Visual Studio Solution File, Format Version 12.00
# Visual Studio 15
VisualStudioVersion = 15.0.26730.16
MinimumVisualStudioVersion = 10.0.40219.1
Project("{FAE04EC0-301F-11D3-BF4B-00C04F79EFBC}") = "BobAndJoe", "BobAndJoe\BobAndJoe.csproj", "{566DF3CD-38CC-4DE9-96EE-11A171C78B68}"
EndProject
Global
	GlobalSection(SolutionConfigurationPlatforms) = preSolution
		Debug|Any CPU = Debug|Any CPU
		Release|Any CPU = Release|Any CPU
	EndGlobalSection
	GlobalSection(ProjectConfigurationPlatforms) = postSolution
		{566DF3CD-38CC-4DE9-96EE-11A171C78B68}.Debug|Any CPU.ActiveCfg = Debug|Any CPU
		{566DF3CD-38CC-4DE9-96EE-11A171C78B68}.Debug|Any CPU.Build.0 = Debug|Any CPU
		{566DF3CD-38CC-4DE9-96EE-11A171C78B68}.Release|Any CPU.ActiveCfg = Release|Any CPU
		{566DF3CD-38CC-4DE9-96EE-11A171C78B68}.Release|Any CPU.Build.0 = Release|Any CPU
	EndGlobalSection
	GlobalSection(SolutionProperties) = preSolution
		HideSolutionNode = FALSE
	EndGlobalSection
	GlobalSection(ExtensibilityGlobals) = postSolution
		SolutionGuid = {ED9A5FDF-3781-4D43-A36B-EEC6B103B1DD}
	EndGlobalSection
EndGlobal
